
Microsoft Visual Studio Solution File, Format Version 12.00
# Visual Studio Version 17
VisualStudioVersion = 17.13.35931.197 d17.13
MinimumVisualStudioVersion = 10.0.40219.1
Project("{8BC9CEB8-8B4A-11D0-8D11-00A0C91BC942}") = "Hitplane", "Hitplane.vcxproj", "{5EEF6739-B8CD-41C5-8FD3-8FD4BABA168E}"
EndProject
Global
	GlobalSection(SolutionConfigurationPlatforms) = preSolution
		Debug|x64 = Debug|x64
		Debug|x86 = Debug|x86
		Release|x64 = Release|x64
		Release|x86 = Release|x86
	EndGlobalSection
	GlobalSection(ProjectConfigurationPlatforms) = postSolution
		{5EEF6739-B8CD-41C5-8FD3-8FD4BABA168E}.Debug|x64.ActiveCfg = Debug|x64
		{5EEF6739-B8CD-41C5-8FD3-8FD4BABA168E}.Debug|x64.Build.0 = Debug|x64
		{5EEF6739-B8CD-41C5-8FD3-8FD4BABA168E}.Debug|x86.ActiveCfg = Debug|Win32
		{5EEF6739-B8CD-41C5-8FD3-8FD4BABA168E}.Debug|x86.Build.0 = Debug|Win32
		{5EEF6739-B8CD-41C5-8FD3-8FD4BABA168E}.Release|x64.ActiveCfg = Release|x64
		{5EEF6739-B8CD-41C5-8FD3-8FD4BABA168E}.Release|x64.Build.0 = Release|x64
		{5EEF6739-B8CD-41C5-8FD3-8FD4BABA168E}.Release|x86.ActiveCfg = Release|Win32
		{5EEF6739-B8CD-41C5-8FD3-8FD4BABA168E}.Release|x86.Build.0 = Release|Win32
	EndGlobalSection
	GlobalSection(SolutionProperties) = preSolution
		HideSolutionNode = FALSE
	EndGlobalSection
	GlobalSection(ExtensibilityGlobals) = postSolution
		SolutionGuid = {BB146D9F-33DF-43B9-8953-619B54AEB86E}
	EndGlobalSection
EndGlobal
